
Microsoft Visual Studio Solution File, Format Version 12.00
# Visual Studio Version 17
VisualStudioVersion = 17.8.34316.72
MinimumVisualStudioVersion = 10.0.40219.1
Project("{9A19103F-16F7-4668-BE54-9A1E7A4F7556}") = "WalletTracker.Domain", "WalletTracker.Domain\WalletTracker.Domain.csproj", "{B36509B5-D12C-44AF-BDF4-17C0A98D2D8B}"
EndProject
Project("{9A19103F-16F7-4668-BE54-9A1E7A4F7556}") = "WalletTracker.Application", "WalletTracker.Application\WalletTracker.Application.csproj", "{E3965917-BB01-438B-8558-D14E54E2BC87}"
EndProject
Project("{9A19103F-16F7-4668-BE54-9A1E7A4F7556}") = "WalletTracker.Infrastructure", "WalletTracker.Infrastructure\WalletTracker.Infrastructure.csproj", "{AF5764AC-D838-40AD-87E5-4DE7687D75D8}"
EndProject
Project("{9A19103F-16F7-4668-BE54-9A1E7A4F7556}") = "WalletTracker.MVC", "WalletTracker.MVC\WalletTracker.MVC.csproj", "{9BC3464F-75FB-40B1-B28D-B93B3B07408D}"
EndProject
Global
	GlobalSection(SolutionConfigurationPlatforms) = preSolution
		Debug|Any CPU = Debug|Any CPU
		Release|Any CPU = Release|Any CPU
	EndGlobalSection
	GlobalSection(ProjectConfigurationPlatforms) = postSolution
		{B36509B5-D12C-44AF-BDF4-17C0A98D2D8B}.Debug|Any CPU.ActiveCfg = Debug|Any CPU
		{B36509B5-D12C-44AF-BDF4-17C0A98D2D8B}.Debug|Any CPU.Build.0 = Debug|Any CPU
		{B36509B5-D12C-44AF-BDF4-17C0A98D2D8B}.Release|Any CPU.ActiveCfg = Release|Any CPU
		{B36509B5-D12C-44AF-BDF4-17C0A98D2D8B}.Release|Any CPU.Build.0 = Release|Any CPU
		{E3965917-BB01-438B-8558-D14E54E2BC87}.Debug|Any CPU.ActiveCfg = Debug|Any CPU
		{E3965917-BB01-438B-8558-D14E54E2BC87}.Debug|Any CPU.Build.0 = Debug|Any CPU
		{E3965917-BB01-438B-8558-D14E54E2BC87}.Release|Any CPU.ActiveCfg = Release|Any CPU
		{E3965917-BB01-438B-8558-D14E54E2BC87}.Release|Any CPU.Build.0 = Release|Any CPU
		{AF5764AC-D838-40AD-87E5-4DE7687D75D8}.Debug|Any CPU.ActiveCfg = Debug|Any CPU
		{AF5764AC-D838-40AD-87E5-4DE7687D75D8}.Debug|Any CPU.Build.0 = Debug|Any CPU
		{AF5764AC-D838-40AD-87E5-4DE7687D75D8}.Release|Any CPU.ActiveCfg = Release|Any CPU
		{AF5764AC-D838-40AD-87E5-4DE7687D75D8}.Release|Any CPU.Build.0 = Release|Any CPU
		{9BC3464F-75FB-40B1-B28D-B93B3B07408D}.Debug|Any CPU.ActiveCfg = Debug|Any CPU
		{9BC3464F-75FB-40B1-B28D-B93B3B07408D}.Debug|Any CPU.Build.0 = Debug|Any CPU
		{9BC3464F-75FB-40B1-B28D-B93B3B07408D}.Release|Any CPU.ActiveCfg = Release|Any CPU
		{9BC3464F-75FB-40B1-B28D-B93B3B07408D}.Release|Any CPU.Build.0 = Release|Any CPU
	EndGlobalSection
	GlobalSection(SolutionProperties) = preSolution
		HideSolutionNode = FALSE
	EndGlobalSection
	GlobalSection(ExtensibilityGlobals) = postSolution
		SolutionGuid = {CAE668D4-AAE3-4AC0-B410-04FAF7E0C268}
	EndGlobalSection
EndGlobal
